
Microsoft Visual Studio Solution File, Format Version 12.00
# Visual Studio Version 17
VisualStudioVersion = 17.10.35013.160
MinimumVisualStudioVersion = 10.0.40219.1
Project("{FAE04EC0-301F-11D3-BF4B-00C04F79EFBC}") = "Bhatkanti", "Bhatkanti\Bhatkanti.csproj", "{02402A49-5E0B-4466-9133-6A23DCD8F714}"
EndProject
Global
	GlobalSection(SolutionConfigurationPlatforms) = preSolution
		Debug|Any CPU = Debug|Any CPU
		Release|Any CPU = Release|Any CPU
	EndGlobalSection
	GlobalSection(ProjectConfigurationPlatforms) = postSolution
		{02402A49-5E0B-4466-9133-6A23DCD8F714}.Debug|Any CPU.ActiveCfg = Debug|Any CPU
		{02402A49-5E0B-4466-9133-6A23DCD8F714}.Debug|Any CPU.Build.0 = Debug|Any CPU
		{02402A49-5E0B-4466-9133-6A23DCD8F714}.Release|Any CPU.ActiveCfg = Release|Any CPU
		{02402A49-5E0B-4466-9133-6A23DCD8F714}.Release|Any CPU.Build.0 = Release|Any CPU
	EndGlobalSection
	GlobalSection(SolutionProperties) = preSolution
		HideSolutionNode = FALSE
	EndGlobalSection
	GlobalSection(ExtensibilityGlobals) = postSolution
		SolutionGuid = {571AB9A4-A842-4C01-961A-4B0964B26C9A}
	EndGlobalSection
EndGlobal
